
Microsoft Visual Studio Solution File, Format Version 12.00
# Visual Studio 15
VisualStudioVersion = 15.0.28307.489
MinimumVisualStudioVersion = 10.0.40219.1
Project("{9A19103F-16F7-4668-BE54-9A1E7A4F7556}") = "ControleDespesas.API", "ControleDespesas.API\ControleDespesas.API.csproj", "{9C8D6CA6-4D61-4EDF-B48F-A071404BED9A}"
EndProject
Project("{9A19103F-16F7-4668-BE54-9A1E7A4F7556}") = "ControleDespesas.Dominio", "ControleDespesas.Dominio\ControleDespesas.Dominio.csproj", "{B4C76CAB-A25A-4BA2-8ACF-F55CA2743595}"
EndProject
Project("{9A19103F-16F7-4668-BE54-9A1E7A4F7556}") = "ControleDespesas.AppService", "ControleDespesas.AppService\ControleDespesas.AppService.csproj", "{E15A0CA2-984F-4D65-829D-30AAA2BE66FA}"
EndProject
Project("{9A19103F-16F7-4668-BE54-9A1E7A4F7556}") = "ControleDespesas.Infra.IoC", "ControleDespesas.Infra.Ioc\ControleDespesas.Infra.IoC.csproj", "{AB29AA0D-7551-440B-A464-0106A4D6699C}"
EndProject
Project("{9A19103F-16F7-4668-BE54-9A1E7A4F7556}") = "ControleDespesas.Infra.Data", "ControleDespesas.Infra.Data\ControleDespesas.Infra.Data.csproj", "{07F553CB-C8B4-4FEF-B0FA-F3E0951C29B4}"
EndProject
Global
	GlobalSection(SolutionConfigurationPlatforms) = preSolution
		Debug|Any CPU = Debug|Any CPU
		Release|Any CPU = Release|Any CPU
	EndGlobalSection
	GlobalSection(ProjectConfigurationPlatforms) = postSolution
		{9C8D6CA6-4D61-4EDF-B48F-A071404BED9A}.Debug|Any CPU.ActiveCfg = Debug|Any CPU
		{9C8D6CA6-4D61-4EDF-B48F-A071404BED9A}.Debug|Any CPU.Build.0 = Debug|Any CPU
		{9C8D6CA6-4D61-4EDF-B48F-A071404BED9A}.Release|Any CPU.ActiveCfg = Release|Any CPU
		{9C8D6CA6-4D61-4EDF-B48F-A071404BED9A}.Release|Any CPU.Build.0 = Release|Any CPU
		{B4C76CAB-A25A-4BA2-8ACF-F55CA2743595}.Debug|Any CPU.ActiveCfg = Debug|Any CPU
		{B4C76CAB-A25A-4BA2-8ACF-F55CA2743595}.Debug|Any CPU.Build.0 = Debug|Any CPU
		{B4C76CAB-A25A-4BA2-8ACF-F55CA2743595}.Release|Any CPU.ActiveCfg = Release|Any CPU
		{B4C76CAB-A25A-4BA2-8ACF-F55CA2743595}.Release|Any CPU.Build.0 = Release|Any CPU
		{E15A0CA2-984F-4D65-829D-30AAA2BE66FA}.Debug|Any CPU.ActiveCfg = Debug|Any CPU
		{E15A0CA2-984F-4D65-829D-30AAA2BE66FA}.Debug|Any CPU.Build.0 = Debug|Any CPU
		{E15A0CA2-984F-4D65-829D-30AAA2BE66FA}.Release|Any CPU.ActiveCfg = Release|Any CPU
		{E15A0CA2-984F-4D65-829D-30AAA2BE66FA}.Release|Any CPU.Build.0 = Release|Any CPU
		{AB29AA0D-7551-440B-A464-0106A4D6699C}.Debug|Any CPU.ActiveCfg = Debug|Any CPU
		{AB29AA0D-7551-440B-A464-0106A4D6699C}.Debug|Any CPU.Build.0 = Debug|Any CPU
		{AB29AA0D-7551-440B-A464-0106A4D6699C}.Release|Any CPU.ActiveCfg = Release|Any CPU
		{AB29AA0D-7551-440B-A464-0106A4D6699C}.Release|Any CPU.Build.0 = Release|Any CPU
		{07F553CB-C8B4-4FEF-B0FA-F3E0951C29B4}.Debug|Any CPU.ActiveCfg = Debug|Any CPU
		{07F553CB-C8B4-4FEF-B0FA-F3E0951C29B4}.Debug|Any CPU.Build.0 = Debug|Any CPU
		{07F553CB-C8B4-4FEF-B0FA-F3E0951C29B4}.Release|Any CPU.ActiveCfg = Release|Any CPU
		{07F553CB-C8B4-4FEF-B0FA-F3E0951C29B4}.Release|Any CPU.Build.0 = Release|Any CPU
	EndGlobalSection
	GlobalSection(SolutionProperties) = preSolution
		HideSolutionNode = FALSE
	EndGlobalSection
	GlobalSection(ExtensibilityGlobals) = postSolution
		SolutionGuid = {9136EBEC-14F3-4690-9A8A-8012788BC03F}
	EndGlobalSection
EndGlobal
